
Microsoft Visual Studio Solution File, Format Version 12.00
# Visual Studio Version 17
VisualStudioVersion = 17.5.33414.496
MinimumVisualStudioVersion = 10.0.40219.1
Project("{FAE04EC0-301F-11D3-BF4B-00C04F79EFBC}") = "LetterCounter1", "LetterCounter1\LetterCounter1.csproj", "{8492D354-C6EA-4BD3-A049-63CB0A779E2F}"
EndProject
Global
	GlobalSection(SolutionConfigurationPlatforms) = preSolution
		Debug|Any CPU = Debug|Any CPU
		Release|Any CPU = Release|Any CPU
	EndGlobalSection
	GlobalSection(ProjectConfigurationPlatforms) = postSolution
		{8492D354-C6EA-4BD3-A049-63CB0A779E2F}.Debug|Any CPU.ActiveCfg = Debug|Any CPU
		{8492D354-C6EA-4BD3-A049-63CB0A779E2F}.Debug|Any CPU.Build.0 = Debug|Any CPU
		{8492D354-C6EA-4BD3-A049-63CB0A779E2F}.Release|Any CPU.ActiveCfg = Release|Any CPU
		{8492D354-C6EA-4BD3-A049-63CB0A779E2F}.Release|Any CPU.Build.0 = Release|Any CPU
	EndGlobalSection
	GlobalSection(SolutionProperties) = preSolution
		HideSolutionNode = FALSE
	EndGlobalSection
	GlobalSection(ExtensibilityGlobals) = postSolution
		SolutionGuid = {A83B25B7-AA8A-4BC7-8EAE-5D0FCC697623}
	EndGlobalSection
EndGlobal
